
Microsoft Visual Studio Solution File, Format Version 12.00
# Visual Studio Version 17
VisualStudioVersion = 17.4.33213.308
MinimumVisualStudioVersion = 10.0.40219.1
Project("{FAE04EC0-301F-11D3-BF4B-00C04F79EFBC}") = "TwoGuys", "TwoGuys\TwoGuys.csproj", "{9D3313C4-8195-483E-99DF-20B9B11D3FB4}"
EndProject
Global
	GlobalSection(SolutionConfigurationPlatforms) = preSolution
		Debug|Any CPU = Debug|Any CPU
		Release|Any CPU = Release|Any CPU
	EndGlobalSection
	GlobalSection(ProjectConfigurationPlatforms) = postSolution
		{9D3313C4-8195-483E-99DF-20B9B11D3FB4}.Debug|Any CPU.ActiveCfg = Debug|Any CPU
		{9D3313C4-8195-483E-99DF-20B9B11D3FB4}.Debug|Any CPU.Build.0 = Debug|Any CPU
		{9D3313C4-8195-483E-99DF-20B9B11D3FB4}.Release|Any CPU.ActiveCfg = Release|Any CPU
		{9D3313C4-8195-483E-99DF-20B9B11D3FB4}.Release|Any CPU.Build.0 = Release|Any CPU
	EndGlobalSection
	GlobalSection(SolutionProperties) = preSolution
		HideSolutionNode = FALSE
	EndGlobalSection
	GlobalSection(ExtensibilityGlobals) = postSolution
		SolutionGuid = {0D04422E-03CC-4702-B5B6-62B909DA2F6D}
	EndGlobalSection
EndGlobal
